
Microsoft Visual Studio Solution File, Format Version 12.00
# Visual Studio Version 17
VisualStudioVersion = 17.10.34928.147
MinimumVisualStudioVersion = 10.0.40219.1
Project("{F184B08F-C81C-45F6-A57F-5ABD9991F28F}") = "watermark", "watermark.vbproj", "{33C6A021-0C0D-43A8-94E2-45836BC6B800}"
EndProject
Global
	GlobalSection(SolutionConfigurationPlatforms) = preSolution
		Debug|Any CPU = Debug|Any CPU
		Release|Any CPU = Release|Any CPU
	EndGlobalSection
	GlobalSection(ProjectConfigurationPlatforms) = postSolution
		{33C6A021-0C0D-43A8-94E2-45836BC6B800}.Debug|Any CPU.ActiveCfg = Debug|Any CPU
		{33C6A021-0C0D-43A8-94E2-45836BC6B800}.Debug|Any CPU.Build.0 = Debug|Any CPU
		{33C6A021-0C0D-43A8-94E2-45836BC6B800}.Release|Any CPU.ActiveCfg = Release|Any CPU
		{33C6A021-0C0D-43A8-94E2-45836BC6B800}.Release|Any CPU.Build.0 = Release|Any CPU
	EndGlobalSection
	GlobalSection(SolutionProperties) = preSolution
		HideSolutionNode = FALSE
	EndGlobalSection
	GlobalSection(ExtensibilityGlobals) = postSolution
		SolutionGuid = {B4309E2E-88F3-4959-831D-562808FFE793}
	EndGlobalSection
EndGlobal
